
Microsoft Visual Studio Solution File, Format Version 12.00
# Visual Studio Version 17
VisualStudioVersion = 17.10.35013.160
MinimumVisualStudioVersion = 10.0.40219.1
Project("{FAE04EC0-301F-11D3-BF4B-00C04F79EFBC}") = "LoginRestApi", "LoginRestApi\LoginRestApi.csproj", "{23D432DC-2D84-43D8-AB08-A903F41F84D1}"
EndProject
Global
	GlobalSection(SolutionConfigurationPlatforms) = preSolution
		Debug|Any CPU = Debug|Any CPU
		Release|Any CPU = Release|Any CPU
	EndGlobalSection
	GlobalSection(ProjectConfigurationPlatforms) = postSolution
		{23D432DC-2D84-43D8-AB08-A903F41F84D1}.Debug|Any CPU.ActiveCfg = Debug|Any CPU
		{23D432DC-2D84-43D8-AB08-A903F41F84D1}.Debug|Any CPU.Build.0 = Debug|Any CPU
		{23D432DC-2D84-43D8-AB08-A903F41F84D1}.Release|Any CPU.ActiveCfg = Release|Any CPU
		{23D432DC-2D84-43D8-AB08-A903F41F84D1}.Release|Any CPU.Build.0 = Release|Any CPU
	EndGlobalSection
	GlobalSection(SolutionProperties) = preSolution
		HideSolutionNode = FALSE
	EndGlobalSection
	GlobalSection(ExtensibilityGlobals) = postSolution
		SolutionGuid = {3633C0CE-17DC-4FAF-BFE0-A8E9D4AE8F87}
	EndGlobalSection
EndGlobal
